
Microsoft Visual Studio Solution File, Format Version 12.00
# Visual Studio Version 16
VisualStudioVersion = 16.0.29911.84
MinimumVisualStudioVersion = 10.0.40219.1
Project("{FAE04EC0-301F-11D3-BF4B-00C04F79EFBC}") = "Vidly", "Vidly\Vidly.csproj", "{74D731D7-038A-4138-AD1A-8748CD826240}"
EndProject
Project("{FAE04EC0-301F-11D3-BF4B-00C04F79EFBC}") = "Vidly.Tests", "Vidly.Tests\Vidly.Tests.csproj", "{2C566E3D-E60E-4204-8E63-AD8BB66A6776}"
EndProject
Global
	GlobalSection(SolutionConfigurationPlatforms) = preSolution
		Debug|Any CPU = Debug|Any CPU
		Release|Any CPU = Release|Any CPU
	EndGlobalSection
	GlobalSection(ProjectConfigurationPlatforms) = postSolution
		{74D731D7-038A-4138-AD1A-8748CD826240}.Debug|Any CPU.ActiveCfg = Debug|Any CPU
		{74D731D7-038A-4138-AD1A-8748CD826240}.Debug|Any CPU.Build.0 = Debug|Any CPU
		{74D731D7-038A-4138-AD1A-8748CD826240}.Release|Any CPU.ActiveCfg = Release|Any CPU
		{74D731D7-038A-4138-AD1A-8748CD826240}.Release|Any CPU.Build.0 = Release|Any CPU
		{2C566E3D-E60E-4204-8E63-AD8BB66A6776}.Debug|Any CPU.ActiveCfg = Debug|Any CPU
		{2C566E3D-E60E-4204-8E63-AD8BB66A6776}.Debug|Any CPU.Build.0 = Debug|Any CPU
		{2C566E3D-E60E-4204-8E63-AD8BB66A6776}.Release|Any CPU.ActiveCfg = Release|Any CPU
		{2C566E3D-E60E-4204-8E63-AD8BB66A6776}.Release|Any CPU.Build.0 = Release|Any CPU
	EndGlobalSection
	GlobalSection(SolutionProperties) = preSolution
		HideSolutionNode = FALSE
	EndGlobalSection
	GlobalSection(ExtensibilityGlobals) = postSolution
		SolutionGuid = {79352D5D-7C6F-4859-A42D-DB899D1971A8}
	EndGlobalSection
EndGlobal
